
Microsoft Visual Studio Solution File, Format Version 12.00
# Visual Studio Version 17
VisualStudioVersion = 17.11.35327.3
MinimumVisualStudioVersion = 10.0.40219.1
Project("{FAE04EC0-301F-11D3-BF4B-00C04F79EFBC}") = "Perfect-pay", "Perfect-pay\Perfect-pay.csproj", "{A22344B0-C8DC-4776-A199-684F5243CDEA}"
EndProject
Global
	GlobalSection(SolutionConfigurationPlatforms) = preSolution
		Debug|Any CPU = Debug|Any CPU
		Release|Any CPU = Release|Any CPU
	EndGlobalSection
	GlobalSection(ProjectConfigurationPlatforms) = postSolution
		{A22344B0-C8DC-4776-A199-684F5243CDEA}.Debug|Any CPU.ActiveCfg = Debug|Any CPU
		{A22344B0-C8DC-4776-A199-684F5243CDEA}.Debug|Any CPU.Build.0 = Debug|Any CPU
		{A22344B0-C8DC-4776-A199-684F5243CDEA}.Debug|Any CPU.Deploy.0 = Debug|Any CPU
		{A22344B0-C8DC-4776-A199-684F5243CDEA}.Release|Any CPU.ActiveCfg = Release|Any CPU
		{A22344B0-C8DC-4776-A199-684F5243CDEA}.Release|Any CPU.Build.0 = Release|Any CPU
		{A22344B0-C8DC-4776-A199-684F5243CDEA}.Release|Any CPU.Deploy.0 = Release|Any CPU
	EndGlobalSection
	GlobalSection(SolutionProperties) = preSolution
		HideSolutionNode = FALSE
	EndGlobalSection
	GlobalSection(ExtensibilityGlobals) = postSolution
		SolutionGuid = {79479121-49A0-4C49-8F32-3E41ABD919DA}
	EndGlobalSection
EndGlobal
