
Microsoft Visual Studio Solution File, Format Version 12.00
# Visual Studio Version 17
VisualStudioVersion = 17.11.35327.3
MinimumVisualStudioVersion = 10.0.40219.1
Project("{FAE04EC0-301F-11D3-BF4B-00C04F79EFBC}") = "Hangman", "Hangman.csproj", "{1D41470D-19E6-48E1-839B-EC9D3F0D86FF}"
EndProject
Global
	GlobalSection(SolutionConfigurationPlatforms) = preSolution
		Debug|Any CPU = Debug|Any CPU
		Release|Any CPU = Release|Any CPU
	EndGlobalSection
	GlobalSection(ProjectConfigurationPlatforms) = postSolution
		{1D41470D-19E6-48E1-839B-EC9D3F0D86FF}.Debug|Any CPU.ActiveCfg = Debug|Any CPU
		{1D41470D-19E6-48E1-839B-EC9D3F0D86FF}.Debug|Any CPU.Build.0 = Debug|Any CPU
		{1D41470D-19E6-48E1-839B-EC9D3F0D86FF}.Debug|Any CPU.Deploy.0 = Debug|Any CPU
		{1D41470D-19E6-48E1-839B-EC9D3F0D86FF}.Release|Any CPU.ActiveCfg = Release|Any CPU
		{1D41470D-19E6-48E1-839B-EC9D3F0D86FF}.Release|Any CPU.Build.0 = Release|Any CPU
		{1D41470D-19E6-48E1-839B-EC9D3F0D86FF}.Release|Any CPU.Deploy.0 = Release|Any CPU
	EndGlobalSection
	GlobalSection(SolutionProperties) = preSolution
		HideSolutionNode = FALSE
	EndGlobalSection
	GlobalSection(ExtensibilityGlobals) = postSolution
		SolutionGuid = {65E33DC5-ADF8-46C8-B3FD-B809CC5483D2}
	EndGlobalSection
EndGlobal
